// !$*UTF8*$!
{
	archiveVersion = 1;
	classes = {
	};
	objectVersion = 50;
	objects = {

/* Begin PBXBuildFile section */
		373EAA2C2412C4D000B2486C /* Splash.swift in Sources */ = {isa = PBXBuildFile; fileRef = 373EAA2B2412C4D000B2486C /* Splash.swift */; };
		373EAA3B2412D0D000B2486C /* alongsans-thin.ttf in Resources */ = {isa = PBXBuildFile; fileRef = 373EAA352412D0D000B2486C /* alongsans-thin.ttf */; };
		373EAA3C2412D0D000B2486C /* alongsans.ttf in Resources */ = {isa = PBXBuildFile; fileRef = 373EAA362412D0D000B2486C /* alongsans.ttf */; };
		373EAA3D2412D0D000B2486C /* alongsans-medium.ttf in Resources */ = {isa = PBXBuildFile; fileRef = 373EAA372412D0D000B2486C /* alongsans-medium.ttf */; };
		373EAA3E2412D0D000B2486C /* alongsans-semibold.ttf in Resources */ = {isa = PBXBuildFile; fileRef = 373EAA382412D0D000B2486C /* alongsans-semibold.ttf */; };
		373EAA3F2412D0D000B2486C /* alongsans-extrabold.ttf in Resources */ = {isa = PBXBuildFile; fileRef = 373EAA392412D0D000B2486C /* alongsans-extrabold.ttf */; };
		373EAA402412D0D000B2486C /* alongsans-light.ttf in Resources */ = {isa = PBXBuildFile; fileRef = 373EAA3A2412D0D000B2486C /* alongsans-light.ttf */; };
		373EAA612412D1F700B2486C /* WorkSans-Regular.ttf in Resources */ = {isa = PBXBuildFile; fileRef = 373EAA572412D1F700B2486C /* WorkSans-Regular.ttf */; };
		373EAA622412D1F700B2486C /* WorkSans-Light.ttf in Resources */ = {isa = PBXBuildFile; fileRef = 373EAA582412D1F700B2486C /* WorkSans-Light.ttf */; };
		373EAA632412D1F700B2486C /* WorkSans-ExtraBold.ttf in Resources */ = {isa = PBXBuildFile; fileRef = 373EAA592412D1F700B2486C /* WorkSans-ExtraBold.ttf */; };
		373EAA642412D1F700B2486C /* WorkSans-ExtraLight.ttf in Resources */ = {isa = PBXBuildFile; fileRef = 373EAA5A2412D1F700B2486C /* WorkSans-ExtraLight.ttf */; };
		373EAA652412D1F700B2486C /* WorkSans-Medium.ttf in Resources */ = {isa = PBXBuildFile; fileRef = 373EAA5B2412D1F700B2486C /* WorkSans-Medium.ttf */; };
		373EAA662412D1F700B2486C /* WorkSans-SemiBold.ttf in Resources */ = {isa = PBXBuildFile; fileRef = 373EAA5C2412D1F700B2486C /* WorkSans-SemiBold.ttf */; };
		373EAA672412D1F700B2486C /* OFL.txt in Resources */ = {isa = PBXBuildFile; fileRef = 373EAA5D2412D1F700B2486C /* OFL.txt */; };
		373EAA682412D1F700B2486C /* WorkSans-Thin.ttf in Resources */ = {isa = PBXBuildFile; fileRef = 373EAA5E2412D1F700B2486C /* WorkSans-Thin.ttf */; };
		373EAA692412D1F700B2486C /* WorkSans-Black.ttf in Resources */ = {isa = PBXBuildFile; fileRef = 373EAA5F2412D1F700B2486C /* WorkSans-Black.ttf */; };
		373EAA6A2412D1F700B2486C /* WorkSans-Bold.ttf in Resources */ = {isa = PBXBuildFile; fileRef = 373EAA602412D1F700B2486C /* WorkSans-Bold.ttf */; };
		373EAA702412F24F00B2486C /* Fonts.swift in Sources */ = {isa = PBXBuildFile; fileRef = 373EAA6F2412F24F00B2486C /* Fonts.swift */; };
		373EAA722412FF7D00B2486C /* Logo.swift in Sources */ = {isa = PBXBuildFile; fileRef = 373EAA712412FF7D00B2486C /* Logo.swift */; };
		373EAA742414426900B2486C /* Button_medium.swift in Sources */ = {isa = PBXBuildFile; fileRef = 373EAA732414426900B2486C /* Button_medium.swift */; };
		373EAA7A2414541100B2486C /* PackageModel.swift in Sources */ = {isa = PBXBuildFile; fileRef = 373EAA792414541100B2486C /* PackageModel.swift */; };
		373EAA80241455D900B2486C /* CompanyModel.swift in Sources */ = {isa = PBXBuildFile; fileRef = 373EAA7F241455D900B2486C /* CompanyModel.swift */; };
		373EAA82241460ED00B2486C /* PackageCardView.swift in Sources */ = {isa = PBXBuildFile; fileRef = 373EAA81241460ED00B2486C /* PackageCardView.swift */; };
		37A0E0CA2410744C00C66EC8 /* AppDelegate.swift in Sources */ = {isa = PBXBuildFile; fileRef = 37A0E0C92410744C00C66EC8 /* AppDelegate.swift */; };
		37A0E0CC2410744C00C66EC8 /* SceneDelegate.swift in Sources */ = {isa = PBXBuildFile; fileRef = 37A0E0CB2410744C00C66EC8 /* SceneDelegate.swift */; };
		37A0E0CE2410744C00C66EC8 /* ContentView.swift in Sources */ = {isa = PBXBuildFile; fileRef = 37A0E0CD2410744C00C66EC8 /* ContentView.swift */; };
		37A0E0D02410744F00C66EC8 /* Assets.xcassets in Resources */ = {isa = PBXBuildFile; fileRef = 37A0E0CF2410744F00C66EC8 /* Assets.xcassets */; };
		37A0E0D32410744F00C66EC8 /* Preview Assets.xcassets in Resources */ = {isa = PBXBuildFile; fileRef = 37A0E0D22410744F00C66EC8 /* Preview Assets.xcassets */; };
		37A0E0D62410744F00C66EC8 /* LaunchScreen.storyboard in Resources */ = {isa = PBXBuildFile; fileRef = 37A0E0D42410744F00C66EC8 /* LaunchScreen.storyboard */; };
		37A0E0DE2410746200C66EC8 /* MapView.swift in Sources */ = {isa = PBXBuildFile; fileRef = 37A0E0DD2410746200C66EC8 /* MapView.swift */; };
		37A0E0E02410748A00C66EC8 /* MapViewer.swift in Sources */ = {isa = PBXBuildFile; fileRef = 37A0E0DF2410748A00C66EC8 /* MapViewer.swift */; };
		37A0E0E2241075F000C66EC8 /* Card.swift in Sources */ = {isa = PBXBuildFile; fileRef = 37A0E0E1241075F000C66EC8 /* Card.swift */; };
		37A0E0E424107D1400C66EC8 /* CardWithContent_0.swift in Sources */ = {isa = PBXBuildFile; fileRef = 37A0E0E324107D1400C66EC8 /* CardWithContent_0.swift */; };
		37A2928A2414A3CB008595DE /* PackageMapView.swift in Sources */ = {isa = PBXBuildFile; fileRef = 37A292892414A3CB008595DE /* PackageMapView.swift */; };
		37A2928C24153CC3008595DE /* CompostingOrganismDetails.swift in Sources */ = {isa = PBXBuildFile; fileRef = 37A2928B24153CC3008595DE /* CompostingOrganismDetails.swift */; };
		37A2928F24153D58008595DE /* CompostingCenterModel.swift in Sources */ = {isa = PBXBuildFile; fileRef = 37A2928E24153D58008595DE /* CompostingCenterModel.swift */; };
		37A2929124153E6B008595DE /* ExapandingCard.swift in Sources */ = {isa = PBXBuildFile; fileRef = 37A2929024153E6B008595DE /* ExapandingCard.swift */; };
		37A2929324154913008595DE /* DNA.swift in Sources */ = {isa = PBXBuildFile; fileRef = 37A2929224154913008595DE /* DNA.swift */; };
		37E052A024148EDE0015B836 /* Card_large.swift in Sources */ = {isa = PBXBuildFile; fileRef = 37E0529F24148EDE0015B836 /* Card_large.swift */; };
/* End PBXBuildFile section */

/* Begin PBXFileReference section */
		373EAA2B2412C4D000B2486C /* Splash.swift */ = {isa = PBXFileReference; lastKnownFileType = sourcecode.swift; path = Splash.swift; sourceTree = "<group>"; };
		373EAA2E2412C8E200B2486C /* alongsans.ttf */ = {isa = PBXFileReference; lastKnownFileType = file; path = alongsans.ttf; sourceTree = "<group>"; };
		373EAA2F2412C8E200B2486C /* alongsans-light.ttf */ = {isa = PBXFileReference; lastKnownFileType = file; path = "alongsans-light.ttf"; sourceTree = "<group>"; };
		373EAA302412C8E200B2486C /* alongsans-medium.ttf */ = {isa = PBXFileReference; lastKnownFileType = file; path = "alongsans-medium.ttf"; sourceTree = "<group>"; };
		373EAA312412C8E200B2486C /* alongsans-extrabold.ttf */ = {isa = PBXFileReference; lastKnownFileType = file; path = "alongsans-extrabold.ttf"; sourceTree = "<group>"; };
		373EAA322412C8E200B2486C /* alongsans-semibold.ttf */ = {isa = PBXFileReference; lastKnownFileType = file; path = "alongsans-semibold.ttf"; sourceTree = "<group>"; };
		373EAA332412C8E200B2486C /* alongsans-thin.ttf */ = {isa = PBXFileReference; lastKnownFileType = file; path = "alongsans-thin.ttf"; sourceTree = "<group>"; };
		373EAA352412D0D000B2486C /* alongsans-thin.ttf */ = {isa = PBXFileReference; lastKnownFileType = file; path = "alongsans-thin.ttf"; sourceTree = "<group>"; };
		373EAA362412D0D000B2486C /* alongsans.ttf */ = {isa = PBXFileReference; lastKnownFileType = file; path = alongsans.ttf; sourceTree = "<group>"; };
		373EAA372412D0D000B2486C /* alongsans-medium.ttf */ = {isa = PBXFileReference; lastKnownFileType = file; path = "alongsans-medium.ttf"; sourceTree = "<group>"; };
		373EAA382412D0D000B2486C /* alongsans-semibold.ttf */ = {isa = PBXFileReference; lastKnownFileType = file; path = "alongsans-semibold.ttf"; sourceTree = "<group>"; };
		373EAA392412D0D000B2486C /* alongsans-extrabold.ttf */ = {isa = PBXFileReference; lastKnownFileType = file; path = "alongsans-extrabold.ttf"; sourceTree = "<group>"; };
		373EAA3A2412D0D000B2486C /* alongsans-light.ttf */ = {isa = PBXFileReference; lastKnownFileType = file; path = "alongsans-light.ttf"; sourceTree = "<group>"; };
		373EAA572412D1F700B2486C /* WorkSans-Regular.ttf */ = {isa = PBXFileReference; lastKnownFileType = file; path = "WorkSans-Regular.ttf"; sourceTree = "<group>"; };
		373EAA582412D1F700B2486C /* WorkSans-Light.ttf */ = {isa = PBXFileReference; lastKnownFileType = file; path = "WorkSans-Light.ttf"; sourceTree = "<group>"; };
		373EAA592412D1F700B2486C /* WorkSans-ExtraBold.ttf */ = {isa = PBXFileReference; lastKnownFileType = file; path = "WorkSans-ExtraBold.ttf"; sourceTree = "<group>"; };
		373EAA5A2412D1F700B2486C /* WorkSans-ExtraLight.ttf */ = {isa = PBXFileReference; lastKnownFileType = file; path = "WorkSans-ExtraLight.ttf"; sourceTree = "<group>"; };
		373EAA5B2412D1F700B2486C /* WorkSans-Medium.ttf */ = {isa = PBXFileReference; lastKnownFileType = file; path = "WorkSans-Medium.ttf"; sourceTree = "<group>"; };
		373EAA5C2412D1F700B2486C /* WorkSans-SemiBold.ttf */ = {isa = PBXFileReference; lastKnownFileType = file; path = "WorkSans-SemiBold.ttf"; sourceTree = "<group>"; };
		373EAA5D2412D1F700B2486C /* OFL.txt */ = {isa = PBXFileReference; fileEncoding = 4; lastKnownFileType = text; path = OFL.txt; sourceTree = "<group>"; };
		373EAA5E2412D1F700B2486C /* WorkSans-Thin.ttf */ = {isa = PBXFileReference; lastKnownFileType = file; path = "WorkSans-Thin.ttf"; sourceTree = "<group>"; };
		373EAA5F2412D1F700B2486C /* WorkSans-Black.ttf */ = {isa = PBXFileReference; lastKnownFileType = file; path = "WorkSans-Black.ttf"; sourceTree = "<group>"; };
		373EAA602412D1F700B2486C /* WorkSans-Bold.ttf */ = {isa = PBXFileReference; lastKnownFileType = file; path = "WorkSans-Bold.ttf"; sourceTree = "<group>"; };
		373EAA6F2412F24F00B2486C /* Fonts.swift */ = {isa = PBXFileReference; lastKnownFileType = sourcecode.swift; path = Fonts.swift; sourceTree = "<group>"; };
		373EAA712412FF7D00B2486C /* Logo.swift */ = {isa = PBXFileReference; lastKnownFileType = sourcecode.swift; path = Logo.swift; sourceTree = "<group>"; };
		373EAA732414426900B2486C /* Button_medium.swift */ = {isa = PBXFileReference; lastKnownFileType = sourcecode.swift; name = Button_medium.swift; path = ../Button_medium.swift; sourceTree = "<group>"; };
		373EAA792414541100B2486C /* PackageModel.swift */ = {isa = PBXFileReference; lastKnownFileType = sourcecode.swift; path = PackageModel.swift; sourceTree = "<group>"; };
		373EAA7F241455D900B2486C /* CompanyModel.swift */ = {isa = PBXFileReference; lastKnownFileType = sourcecode.swift; path = CompanyModel.swift; sourceTree = "<group>"; };
		373EAA81241460ED00B2486C /* PackageCardView.swift */ = {isa = PBXFileReference; lastKnownFileType = sourcecode.swift; path = PackageCardView.swift; sourceTree = "<group>"; };
		37A0E0C62410744C00C66EC8 /* designs.app */ = {isa = PBXFileReference; explicitFileType = wrapper.application; includeInIndex = 0; path = designs.app; sourceTree = BUILT_PRODUCTS_DIR; };
		37A0E0C92410744C00C66EC8 /* AppDelegate.swift */ = {isa = PBXFileReference; lastKnownFileType = sourcecode.swift; path = AppDelegate.swift; sourceTree = "<group>"; };
		37A0E0CB2410744C00C66EC8 /* SceneDelegate.swift */ = {isa = PBXFileReference; lastKnownFileType = sourcecode.swift; path = SceneDelegate.swift; sourceTree = "<group>"; };
		37A0E0CD2410744C00C66EC8 /* ContentView.swift */ = {isa = PBXFileReference; lastKnownFileType = sourcecode.swift; path = ContentView.swift; sourceTree = "<group>"; };
		37A0E0CF2410744F00C66EC8 /* Assets.xcassets */ = {isa = PBXFileReference; lastKnownFileType = folder.assetcatalog; path = Assets.xcassets; sourceTree = "<group>"; };
		37A0E0D22410744F00C66EC8 /* Preview Assets.xcassets */ = {isa = PBXFileReference; lastKnownFileType = folder.assetcatalog; path = "Preview Assets.xcassets"; sourceTree = "<group>"; };
		37A0E0D52410744F00C66EC8 /* Base */ = {isa = PBXFileReference; lastKnownFileType = file.storyboard; name = Base; path = Base.lproj/LaunchScreen.storyboard; sourceTree = "<group>"; };
		37A0E0D72410744F00C66EC8 /* Info.plist */ = {isa = PBXFileReference; lastKnownFileType = text.plist.xml; path = Info.plist; sourceTree = "<group>"; };
		37A0E0DD2410746200C66EC8 /* MapView.swift */ = {isa = PBXFileReference; fileEncoding = 4; lastKnownFileType = sourcecode.swift; path = MapView.swift; sourceTree = "<group>"; };
		37A0E0DF2410748A00C66EC8 /* MapViewer.swift */ = {isa = PBXFileReference; lastKnownFileType = sourcecode.swift; path = MapViewer.swift; sourceTree = "<group>"; };
		37A0E0E1241075F000C66EC8 /* Card.swift */ = {isa = PBXFileReference; lastKnownFileType = sourcecode.swift; path = Card.swift; sourceTree = "<group>"; };
		37A0E0E324107D1400C66EC8 /* CardWithContent_0.swift */ = {isa = PBXFileReference; lastKnownFileType = sourcecode.swift; path = CardWithContent_0.swift; sourceTree = "<group>"; };
		37A292892414A3CB008595DE /* PackageMapView.swift */ = {isa = PBXFileReference; lastKnownFileType = sourcecode.swift; path = PackageMapView.swift; sourceTree = "<group>"; };
		37A2928B24153CC3008595DE /* CompostingOrganismDetails.swift */ = {isa = PBXFileReference; lastKnownFileType = sourcecode.swift; path = CompostingOrganismDetails.swift; sourceTree = "<group>"; };
		37A2928E24153D58008595DE /* CompostingCenterModel.swift */ = {isa = PBXFileReference; lastKnownFileType = sourcecode.swift; path = CompostingCenterModel.swift; sourceTree = "<group>"; };
		37A2929024153E6B008595DE /* ExapandingCard.swift */ = {isa = PBXFileReference; lastKnownFileType = sourcecode.swift; path = ExapandingCard.swift; sourceTree = "<group>"; };
		37A2929224154913008595DE /* DNA.swift */ = {isa = PBXFileReference; lastKnownFileType = sourcecode.swift; path = DNA.swift; sourceTree = "<group>"; };
		37E0529F24148EDE0015B836 /* Card_large.swift */ = {isa = PBXFileReference; lastKnownFileType = sourcecode.swift; path = Card_large.swift; sourceTree = "<group>"; };
/* End PBXFileReference section */

/* Begin PBXFrameworksBuildPhase section */
		37A0E0C32410744C00C66EC8 /* Frameworks */ = {
			isa = PBXFrameworksBuildPhase;
			buildActionMask = 2147483647;
			files = (
			);
			runOnlyForDeploymentPostprocessing = 0;
		};
/* End PBXFrameworksBuildPhase section */

/* Begin PBXGroup section */
		373EAA2A2412C4C100B2486C /* Lavendale */ = {
			isa = PBXGroup;
			children = (
				373EAA712412FF7D00B2486C /* Logo.swift */,
				373EAA2B2412C4D000B2486C /* Splash.swift */,
				37A292882414A3AA008595DE /* Organisms */,
				373EAA8324147DD000B2486C /* Atoms */,
			);
			path = Lavendale;
			sourceTree = "<group>";
		};
		373EAA2D2412C8D400B2486C /* alongsans */ = {
			isa = PBXGroup;
			children = (
				373EAA312412C8E200B2486C /* alongsans-extrabold.ttf */,
				373EAA2F2412C8E200B2486C /* alongsans-light.ttf */,
				373EAA302412C8E200B2486C /* alongsans-medium.ttf */,
				373EAA322412C8E200B2486C /* alongsans-semibold.ttf */,
				373EAA332412C8E200B2486C /* alongsans-thin.ttf */,
				373EAA2E2412C8E200B2486C /* alongsans.ttf */,
			);
			path = alongsans;
			sourceTree = "<group>";
		};
		373EAA342412D0D000B2486C /* TTF */ = {
			isa = PBXGroup;
			children = (
				373EAA352412D0D000B2486C /* alongsans-thin.ttf */,
				373EAA362412D0D000B2486C /* alongsans.ttf */,
				373EAA372412D0D000B2486C /* alongsans-medium.ttf */,
				373EAA382412D0D000B2486C /* alongsans-semibold.ttf */,
				373EAA392412D0D000B2486C /* alongsans-extrabold.ttf */,
				373EAA3A2412D0D000B2486C /* alongsans-light.ttf */,
			);
			path = TTF;
			sourceTree = "<group>";
		};
		373EAA562412D1F700B2486C /* Work_Sans */ = {
			isa = PBXGroup;
			children = (
				373EAA572412D1F700B2486C /* WorkSans-Regular.ttf */,
				373EAA582412D1F700B2486C /* WorkSans-Light.ttf */,
				373EAA592412D1F700B2486C /* WorkSans-ExtraBold.ttf */,
				373EAA5A2412D1F700B2486C /* WorkSans-ExtraLight.ttf */,
				373EAA5B2412D1F700B2486C /* WorkSans-Medium.ttf */,
				373EAA5C2412D1F700B2486C /* WorkSans-SemiBold.ttf */,
				373EAA5D2412D1F700B2486C /* OFL.txt */,
				373EAA5E2412D1F700B2486C /* WorkSans-Thin.ttf */,
				373EAA5F2412D1F700B2486C /* WorkSans-Black.ttf */,
				373EAA602412D1F700B2486C /* WorkSans-Bold.ttf */,
			);
			path = Work_Sans;
			sourceTree = "<group>";
		};
		373EAA8324147DD000B2486C /* Atoms */ = {
			isa = PBXGroup;
			children = (
				373EAA732414426900B2486C /* Button_medium.swift */,
				37E0529F24148EDE0015B836 /* Card_large.swift */,
				37A2929224154913008595DE /* DNA.swift */,
				373EAA7F241455D900B2486C /* CompanyModel.swift */,
				373EAA792414541100B2486C /* PackageModel.swift */,
				37A2928E24153D58008595DE /* CompostingCenterModel.swift */,
				37A2929024153E6B008595DE /* ExapandingCard.swift */,
				373EAA6F2412F24F00B2486C /* Fonts.swift */,
			);
			path = Atoms;
			sourceTree = "<group>";
		};
		37A0E0BD2410744C00C66EC8 = {
			isa = PBXGroup;
			children = (
				37A0E0C82410744C00C66EC8 /* designs */,
				37A0E0C72410744C00C66EC8 /* Products */,
			);
			sourceTree = "<group>";
		};
		37A0E0C72410744C00C66EC8 /* Products */ = {
			isa = PBXGroup;
			children = (
				37A0E0C62410744C00C66EC8 /* designs.app */,
			);
			name = Products;
			sourceTree = "<group>";
		};
		37A0E0C82410744C00C66EC8 /* designs */ = {
			isa = PBXGroup;
			children = (
				373EAA342412D0D000B2486C /* TTF */,
				37A0E0C92410744C00C66EC8 /* AppDelegate.swift */,
				37A0E0CB2410744C00C66EC8 /* SceneDelegate.swift */,
				37A0E0CD2410744C00C66EC8 /* ContentView.swift */,
				37A0E0DD2410746200C66EC8 /* MapView.swift */,
				37A0E0DF2410748A00C66EC8 /* MapViewer.swift */,
				373EAA2A2412C4C100B2486C /* Lavendale */,
				37A0E0E524107D2700C66EC8 /* Cards */,
				37A0E0CF2410744F00C66EC8 /* Assets.xcassets */,
				37A0E0D42410744F00C66EC8 /* LaunchScreen.storyboard */,
				37A0E0D72410744F00C66EC8 /* Info.plist */,
				373EAA562412D1F700B2486C /* Work_Sans */,
				373EAA2D2412C8D400B2486C /* alongsans */,
				37A0E0D12410744F00C66EC8 /* Preview Content */,
			);
			path = designs;
			sourceTree = "<group>";
		};
		37A0E0D12410744F00C66EC8 /* Preview Content */ = {
			isa = PBXGroup;
			children = (
				37A0E0D22410744F00C66EC8 /* Preview Assets.xcassets */,
			);
			path = "Preview Content";
			sourceTree = "<group>";
		};
		37A0E0E524107D2700C66EC8 /* Cards */ = {
			isa = PBXGroup;
			children = (
				37A0E0E1241075F000C66EC8 /* Card.swift */,
				37A0E0E324107D1400C66EC8 /* CardWithContent_0.swift */,
			);
			path = Cards;
			sourceTree = "<group>";
		};
		37A292882414A3AA008595DE /* Organisms */ = {
			isa = PBXGroup;
			children = (
				37A292892414A3CB008595DE /* PackageMapView.swift */,
				37A2928D24153CEE008595DE /* Molecules */,
				373EAA81241460ED00B2486C /* PackageCardView.swift */,
				37A2928B24153CC3008595DE /* CompostingOrganismDetails.swift */,
			);
			path = Organisms;
			sourceTree = "<group>";
		};
		37A2928D24153CEE008595DE /* Molecules */ = {
			isa = PBXGroup;
			children = (
			);
			path = Molecules;
			sourceTree = "<group>";
		};
/* End PBXGroup section */

/* Begin PBXNativeTarget section */
		37A0E0C52410744C00C66EC8 /* designs */ = {
			isa = PBXNativeTarget;
			buildConfigurationList = 37A0E0DA2410744F00C66EC8 /* Build configuration list for PBXNativeTarget "designs" */;
			buildPhases = (
				37A0E0C22410744C00C66EC8 /* Sources */,
				37A0E0C32410744C00C66EC8 /* Frameworks */,
				37A0E0C42410744C00C66EC8 /* Resources */,
			);
			buildRules = (
			);
			dependencies = (
			);
			name = designs;
			productName = designs;
			productReference = 37A0E0C62410744C00C66EC8 /* designs.app */;
			productType = "com.apple.product-type.application";
		};
/* End PBXNativeTarget section */

/* Begin PBXProject section */
		37A0E0BE2410744C00C66EC8 /* Project object */ = {
			isa = PBXProject;
			attributes = {
				LastSwiftUpdateCheck = 1130;
				LastUpgradeCheck = 1130;
				ORGANIZATIONNAME = "Quin’darius Lyles-Woods";
				TargetAttributes = {
					37A0E0C52410744C00C66EC8 = {
						CreatedOnToolsVersion = 11.3.1;
					};
				};
			};
			buildConfigurationList = 37A0E0C12410744C00C66EC8 /* Build configuration list for PBXProject "designs" */;
			compatibilityVersion = "Xcode 9.3";
			developmentRegion = en;
			hasScannedForEncodings = 0;
			knownRegions = (
				en,
				Base,
			);
			mainGroup = 37A0E0BD2410744C00C66EC8;
			productRefGroup = 37A0E0C72410744C00C66EC8 /* Products */;
			projectDirPath = "";
			projectRoot = "";
			targets = (
				37A0E0C52410744C00C66EC8 /* designs */,
			);
		};
/* End PBXProject section */

/* Begin PBXResourcesBuildPhase section */
		37A0E0C42410744C00C66EC8 /* Resources */ = {
			isa = PBXResourcesBuildPhase;
			buildActionMask = 2147483647;
			files = (
				373EAA662412D1F700B2486C /* WorkSans-SemiBold.ttf in Resources */,
				373EAA3B2412D0D000B2486C /* alongsans-thin.ttf in Resources */,
				37A0E0D62410744F00C66EC8 /* LaunchScreen.storyboard in Resources */,
				373EAA3D2412D0D000B2486C /* alongsans-medium.ttf in Resources */,
				373EAA6A2412D1F700B2486C /* WorkSans-Bold.ttf in Resources */,
				373EAA3F2412D0D000B2486C /* alongsans-extrabold.ttf in Resources */,
				373EAA632412D1F700B2486C /* WorkSans-ExtraBold.ttf in Resources */,
				373EAA672412D1F700B2486C /* OFL.txt in Resources */,
				373EAA652412D1F700B2486C /* WorkSans-Medium.ttf in Resources */,
				373EAA682412D1F700B2486C /* WorkSans-Thin.ttf in Resources */,
				37A0E0D32410744F00C66EC8 /* Preview Assets.xcassets in Resources */,
				373EAA622412D1F700B2486C /* WorkSans-Light.ttf in Resources */,
				373EAA3C2412D0D000B2486C /* alongsans.ttf in Resources */,
				373EAA692412D1F700B2486C /* WorkSans-Black.ttf in Resources */,
				37A0E0D02410744F00C66EC8 /* Assets.xcassets in Resources */,
				373EAA3E2412D0D000B2486C /* alongsans-semibold.ttf in Resources */,
				373EAA642412D1F700B2486C /* WorkSans-ExtraLight.ttf in Resources */,
				373EAA402412D0D000B2486C /* alongsans-light.ttf in Resources */,
				373EAA612412D1F700B2486C /* WorkSans-Regular.ttf in Resources */,
			);
			runOnlyForDeploymentPostprocessing = 0;
		};
/* End PBXResourcesBuildPhase section */

/* Begin PBXSourcesBuildPhase section */
		37A0E0C22410744C00C66EC8 /* Sources */ = {
			isa = PBXSourcesBuildPhase;
			buildActionMask = 2147483647;
			files = (
				37A0E0CA2410744C00C66EC8 /* AppDelegate.swift in Sources */,
				373EAA742414426900B2486C /* Button_medium.swift in Sources */,
				37A2928A2414A3CB008595DE /* PackageMapView.swift in Sources */,
				37A0E0E2241075F000C66EC8 /* Card.swift in Sources */,
				37A2928C24153CC3008595DE /* CompostingOrganismDetails.swift in Sources */,
				373EAA82241460ED00B2486C /* PackageCardView.swift in Sources */,
				373EAA80241455D900B2486C /* CompanyModel.swift in Sources */,
				37A0E0E02410748A00C66EC8 /* MapViewer.swift in Sources */,
				37A0E0DE2410746200C66EC8 /* MapView.swift in Sources */,
				37E052A024148EDE0015B836 /* Card_large.swift in Sources */,
				37A0E0CC2410744C00C66EC8 /* SceneDelegate.swift in Sources */,
				37A0E0CE2410744C00C66EC8 /* ContentView.swift in Sources */,
				373EAA7A2414541100B2486C /* PackageModel.swift in Sources */,
				37A2929124153E6B008595DE /* ExapandingCard.swift in Sources */,
				37A2928F24153D58008595DE /* CompostingCenterModel.swift in Sources */,
				373EAA722412FF7D00B2486C /* Logo.swift in Sources */,
				373EAA2C2412C4D000B2486C /* Splash.swift in Sources */,
				373EAA702412F24F00B2486C /* Fonts.swift in Sources */,
				37A0E0E424107D1400C66EC8 /* CardWithContent_0.swift in Sources */,
				37A2929324154913008595DE /* DNA.swift in Sources */,
			);
			runOnlyForDeploymentPostprocessing = 0;
		};
/* End PBXSourcesBuildPhase section */

/* Begin PBXVariantGroup section */
		37A0E0D42410744F00C66EC8 /* LaunchScreen.storyboard */ = {
			isa = PBXVariantGroup;
			children = (
				37A0E0D52410744F00C66EC8 /* Base */,
			);
			name = LaunchScreen.storyboard;
			sourceTree = "<group>";
		};
/* End PBXVariantGroup section */

/* Begin XCBuildConfiguration section */
		37A0E0D82410744F00C66EC8 /* Debug */ = {
			isa = XCBuildConfiguration;
			buildSettings = {
				ALWAYS_SEARCH_USER_PATHS = NO;
				CLANG_ANALYZER_NONNULL = YES;
				CLANG_ANALYZER_NUMBER_OBJECT_CONVERSION = YES_AGGRESSIVE;
				CLANG_CXX_LANGUAGE_STANDARD = "gnu++14";
				CLANG_CXX_LIBRARY = "libc++";
				CLANG_ENABLE_MODULES = YES;
				CLANG_ENABLE_OBJC_ARC = YES;
				CLANG_ENABLE_OBJC_WEAK = YES;
				CLANG_WARN_BLOCK_CAPTURE_AUTORELEASING = YES;
				CLANG_WARN_BOOL_CONVERSION = YES;
				CLANG_WARN_COMMA = YES;
				CLANG_WARN_CONSTANT_CONVERSION = YES;
				CLANG_WARN_DEPRECATED_OBJC_IMPLEMENTATIONS = YES;
				CLANG_WARN_DIRECT_OBJC_ISA_USAGE = YES_ERROR;
				CLANG_WARN_DOCUMENTATION_COMMENTS = YES;
				CLANG_WARN_EMPTY_BODY = YES;
				CLANG_WARN_ENUM_CONVERSION = YES;
				CLANG_WARN_INFINITE_RECURSION = YES;
				CLANG_WARN_INT_CONVERSION = YES;
				CLANG_WARN_NON_LITERAL_NULL_CONVERSION = YES;
				CLANG_WARN_OBJC_IMPLICIT_RETAIN_SELF = YES;
				CLANG_WARN_OBJC_LITERAL_CONVERSION = YES;
				CLANG_WARN_OBJC_ROOT_CLASS = YES_ERROR;
				CLANG_WARN_RANGE_LOOP_ANALYSIS = YES;
				CLANG_WARN_STRICT_PROTOTYPES = YES;
				CLANG_WARN_SUSPICIOUS_MOVE = YES;
				CLANG_WARN_UNGUARDED_AVAILABILITY = YES_AGGRESSIVE;
				CLANG_WARN_UNREACHABLE_CODE = YES;
				CLANG_WARN__DUPLICATE_METHOD_MATCH = YES;
				COPY_PHASE_STRIP = NO;
				DEBUG_INFORMATION_FORMAT = dwarf;
				ENABLE_STRICT_OBJC_MSGSEND = YES;
				ENABLE_TESTABILITY = YES;
				GCC_C_LANGUAGE_STANDARD = gnu11;
				GCC_DYNAMIC_NO_PIC = NO;
				GCC_NO_COMMON_BLOCKS = YES;
				GCC_OPTIMIZATION_LEVEL = 0;
				GCC_PREPROCESSOR_DEFINITIONS = (
					"DEBUG=1",
					"$(inherited)",
				);
				GCC_WARN_64_TO_32_BIT_CONVERSION = YES;
				GCC_WARN_ABOUT_RETURN_TYPE = YES_ERROR;
				GCC_WARN_UNDECLARED_SELECTOR = YES;
				GCC_WARN_UNINITIALIZED_AUTOS = YES_AGGRESSIVE;
				GCC_WARN_UNUSED_FUNCTION = YES;
				GCC_WARN_UNUSED_VARIABLE = YES;
				IPHONEOS_DEPLOYMENT_TARGET = 13.2;
				MTL_ENABLE_DEBUG_INFO = INCLUDE_SOURCE;
				MTL_FAST_MATH = YES;
				ONLY_ACTIVE_ARCH = YES;
				SDKROOT = iphoneos;
				SWIFT_ACTIVE_COMPILATION_CONDITIONS = DEBUG;
				SWIFT_OPTIMIZATION_LEVEL = "-Onone";
			};
			name = Debug;
		};
		37A0E0D92410744F00C66EC8 /* Release */ = {
			isa = XCBuildConfiguration;
			buildSettings = {
				ALWAYS_SEARCH_USER_PATHS = NO;
				CLANG_ANALYZER_NONNULL = YES;
				CLANG_ANALYZER_NUMBER_OBJECT_CONVERSION = YES_AGGRESSIVE;
				CLANG_CXX_LANGUAGE_STANDARD = "gnu++14";
				CLANG_CXX_LIBRARY = "libc++";
				CLANG_ENABLE_MODULES = YES;
				CLANG_ENABLE_OBJC_ARC = YES;
				CLANG_ENABLE_OBJC_WEAK = YES;
				CLANG_WARN_BLOCK_CAPTURE_AUTORELEASING = YES;
				CLANG_WARN_BOOL_CONVERSION = YES;
				CLANG_WARN_COMMA = YES;
				CLANG_WARN_CONSTANT_CONVERSION = YES;
				CLANG_WARN_DEPRECATED_OBJC_IMPLEMENTATIONS = YES;
				CLANG_WARN_DIRECT_OBJC_ISA_USAGE = YES_ERROR;
				CLANG_WARN_DOCUMENTATION_COMMENTS = YES;
				CLANG_WARN_EMPTY_BODY = YES;
				CLANG_WARN_ENUM_CONVERSION = YES;
				CLANG_WARN_INFINITE_RECURSION = YES;
				CLANG_WARN_INT_CONVERSION = YES;
				CLANG_WARN_NON_LITERAL_NULL_CONVERSION = YES;
				CLANG_WARN_OBJC_IMPLICIT_RETAIN_SELF = YES;
				CLANG_WARN_OBJC_LITERAL_CONVERSION = YES;
				CLANG_WARN_OBJC_ROOT_CLASS = YES_ERROR;
				CLANG_WARN_RANGE_LOOP_ANALYSIS = YES;
				CLANG_WARN_STRICT_PROTOTYPES = YES;
				CLANG_WARN_SUSPICIOUS_MOVE = YES;
				CLANG_WARN_UNGUARDED_AVAILABILITY = YES_AGGRESSIVE;
				CLANG_WARN_UNREACHABLE_CODE = YES;
				CLANG_WARN__DUPLICATE_METHOD_MATCH = YES;
				COPY_PHASE_STRIP = NO;
				DEBUG_INFORMATION_FORMAT = "dwarf-with-dsym";
				ENABLE_NS_ASSERTIONS = NO;
				ENABLE_STRICT_OBJC_MSGSEND = YES;
				GCC_C_LANGUAGE_STANDARD = gnu11;
				GCC_NO_COMMON_BLOCKS = YES;
				GCC_WARN_64_TO_32_BIT_CONVERSION = YES;
				GCC_WARN_ABOUT_RETURN_TYPE = YES_ERROR;
				GCC_WARN_UNDECLARED_SELECTOR = YES;
				GCC_WARN_UNINITIALIZED_AUTOS = YES_AGGRESSIVE;
				GCC_WARN_UNUSED_FUNCTION = YES;
				GCC_WARN_UNUSED_VARIABLE = YES;
				IPHONEOS_DEPLOYMENT_TARGET = 13.2;
				MTL_ENABLE_DEBUG_INFO = NO;
				MTL_FAST_MATH = YES;
				SDKROOT = iphoneos;
				SWIFT_COMPILATION_MODE = wholemodule;
				SWIFT_OPTIMIZATION_LEVEL = "-O";
				VALIDATE_PRODUCT = YES;
			};
			name = Release;
		};
		37A0E0DB2410744F00C66EC8 /* Debug */ = {
			isa = XCBuildConfiguration;
			buildSettings = {
				ASSETCATALOG_COMPILER_APPICON_NAME = AppIcon;
				CODE_SIGN_STYLE = Automatic;
				DEVELOPMENT_ASSET_PATHS = "\"designs/Preview Content\"";
				DEVELOPMENT_TEAM = 25Y24L598Y;
				ENABLE_PREVIEWS = YES;
				INFOPLIST_FILE = designs/Info.plist;
				LD_RUNPATH_SEARCH_PATHS = (
					"$(inherited)",
					"@executable_path/Frameworks",
				);
				PRODUCT_BUNDLE_IDENTIFIER = quindarius.designs;
				PRODUCT_NAME = "$(TARGET_NAME)";
				SWIFT_VERSION = 5.0;
				TARGETED_DEVICE_FAMILY = "1,2";
			};
			name = Debug;
		};
		37A0E0DC2410744F00C66EC8 /* Release */ = {
			isa = XCBuildConfiguration;
			buildSettings = {
				ASSETCATALOG_COMPILER_APPICON_NAME = AppIcon;
				CODE_SIGN_STYLE = Automatic;
				DEVELOPMENT_ASSET_PATHS = "\"designs/Preview Content\"";
				DEVELOPMENT_TEAM = 25Y24L598Y;
				ENABLE_PREVIEWS = YES;
				INFOPLIST_FILE = designs/Info.plist;
				LD_RUNPATH_SEARCH_PATHS = (
					"$(inherited)",
					"@executable_path/Frameworks",
				);
				PRODUCT_BUNDLE_IDENTIFIER = quindarius.designs;
				PRODUCT_NAME = "$(TARGET_NAME)";
				SWIFT_VERSION = 5.0;
				TARGETED_DEVICE_FAMILY = "1,2";
			};
			name = Release;
		};
/* End XCBuildConfiguration section */

/* Begin XCConfigurationList section */
		37A0E0C12410744C00C66EC8 /* Build configuration list for PBXProject "designs" */ = {
			isa = XCConfigurationList;
			buildConfigurations = (
				37A0E0D82410744F00C66EC8 /* Debug */,
				37A0E0D92410744F00C66EC8 /* Release */,
			);
			defaultConfigurationIsVisible = 0;
			defaultConfigurationName = Release;
		};
		37A0E0DA2410744F00C66EC8 /* Build configuration list for PBXNativeTarget "designs" */ = {
			isa = XCConfigurationList;
			buildConfigurations = (
				37A0E0DB2410744F00C66EC8 /* Debug */,
				37A0E0DC2410744F00C66EC8 /* Release */,
			);
			defaultConfigurationIsVisible = 0;
			defaultConfigurationName = Release;
		};
/* End XCConfigurationList section */
	};
	rootObject = 37A0E0BE2410744C00C66EC8 /* Project object */;
}
